
Microsoft Visual Studio Solution File, Format Version 12.00
# Visual Studio 2013
VisualStudioVersion = 12.0.31101.0
MinimumVisualStudioVersion = 10.0.40219.1
Project("{FAE04EC0-301F-11D3-BF4B-00C04F79EFBC}") = "91_APP", "91_APP\91_APP.csproj", "{BC25878A-7E39-41F0-9EAC-6E7E3A263259}"
EndProject
Global
	GlobalSection(SolutionConfigurationPlatforms) = preSolution
		Debug|Any CPU = Debug|Any CPU
		Release|Any CPU = Release|Any CPU
	EndGlobalSection
	GlobalSection(ProjectConfigurationPlatforms) = postSolution
		{BC25878A-7E39-41F0-9EAC-6E7E3A263259}.Debug|Any CPU.ActiveCfg = Debug|Any CPU
		{BC25878A-7E39-41F0-9EAC-6E7E3A263259}.Debug|Any CPU.Build.0 = Debug|Any CPU
		{BC25878A-7E39-41F0-9EAC-6E7E3A263259}.Release|Any CPU.ActiveCfg = Release|Any CPU
		{BC25878A-7E39-41F0-9EAC-6E7E3A263259}.Release|Any CPU.Build.0 = Release|Any CPU
	EndGlobalSection
	GlobalSection(SolutionProperties) = preSolution
		HideSolutionNode = FALSE
	EndGlobalSection
EndGlobal
